
Microsoft Visual Studio Solution File, Format Version 12.00
# Visual Studio 15
VisualStudioVersion = 15.0.28010.2048
MinimumVisualStudioVersion = 10.0.40219.1
Project("{FAE04EC0-301F-11D3-BF4B-00C04F79EFBC}") = "WorldTours", "WorldTours\WorldTours.csproj", "{08212EA6-D95D-48A8-8665-50F63CDD2974}"
EndProject
Global
	GlobalSection(SolutionConfigurationPlatforms) = preSolution
		Debug|Any CPU = Debug|Any CPU
		Release|Any CPU = Release|Any CPU
	EndGlobalSection
	GlobalSection(ProjectConfigurationPlatforms) = postSolution
		{08212EA6-D95D-48A8-8665-50F63CDD2974}.Debug|Any CPU.ActiveCfg = Debug|Any CPU
		{08212EA6-D95D-48A8-8665-50F63CDD2974}.Debug|Any CPU.Build.0 = Debug|Any CPU
		{08212EA6-D95D-48A8-8665-50F63CDD2974}.Release|Any CPU.ActiveCfg = Release|Any CPU
		{08212EA6-D95D-48A8-8665-50F63CDD2974}.Release|Any CPU.Build.0 = Release|Any CPU
	EndGlobalSection
	GlobalSection(SolutionProperties) = preSolution
		HideSolutionNode = FALSE
	EndGlobalSection
	GlobalSection(ExtensibilityGlobals) = postSolution
		SolutionGuid = {0789BCCE-7E15-4BB9-939D-95D46FCE0706}
	EndGlobalSection
EndGlobal
